
Microsoft Visual Studio Solution File, Format Version 12.00
# Visual Studio Version 17
VisualStudioVersion = 17.9.34607.119
MinimumVisualStudioVersion = 10.0.40219.1
Project("{FAE04EC0-301F-11D3-BF4B-00C04F79EFBC}") = "YP1.1", "YP1.1\YP1.1.csproj", "{54A8D3A4-56ED-4AAB-BA0B-9FC7EEAC5F4E}"
EndProject
Global
	GlobalSection(SolutionConfigurationPlatforms) = preSolution
		Debug|Any CPU = Debug|Any CPU
		Release|Any CPU = Release|Any CPU
	EndGlobalSection
	GlobalSection(ProjectConfigurationPlatforms) = postSolution
		{54A8D3A4-56ED-4AAB-BA0B-9FC7EEAC5F4E}.Debug|Any CPU.ActiveCfg = Debug|Any CPU
		{54A8D3A4-56ED-4AAB-BA0B-9FC7EEAC5F4E}.Debug|Any CPU.Build.0 = Debug|Any CPU
		{54A8D3A4-56ED-4AAB-BA0B-9FC7EEAC5F4E}.Release|Any CPU.ActiveCfg = Release|Any CPU
		{54A8D3A4-56ED-4AAB-BA0B-9FC7EEAC5F4E}.Release|Any CPU.Build.0 = Release|Any CPU
	EndGlobalSection
	GlobalSection(SolutionProperties) = preSolution
		HideSolutionNode = FALSE
	EndGlobalSection
	GlobalSection(ExtensibilityGlobals) = postSolution
		SolutionGuid = {13B9679E-CED9-461E-8A05-9F36F98AFBA9}
	EndGlobalSection
EndGlobal
