
Microsoft Visual Studio Solution File, Format Version 12.00
# Visual Studio Version 17
VisualStudioVersion = 17.9.34607.119
MinimumVisualStudioVersion = 10.0.40219.1
Project("{FAE04EC0-301F-11D3-BF4B-00C04F79EFBC}") = "DS4", "DS4\DS4.csproj", "{6EE52348-D701-4862-8563-34A601C8AB26}"
EndProject
Global
	GlobalSection(SolutionConfigurationPlatforms) = preSolution
		Debug|Any CPU = Debug|Any CPU
		Release|Any CPU = Release|Any CPU
	EndGlobalSection
	GlobalSection(ProjectConfigurationPlatforms) = postSolution
		{6EE52348-D701-4862-8563-34A601C8AB26}.Debug|Any CPU.ActiveCfg = Debug|Any CPU
		{6EE52348-D701-4862-8563-34A601C8AB26}.Debug|Any CPU.Build.0 = Debug|Any CPU
		{6EE52348-D701-4862-8563-34A601C8AB26}.Release|Any CPU.ActiveCfg = Release|Any CPU
		{6EE52348-D701-4862-8563-34A601C8AB26}.Release|Any CPU.Build.0 = Release|Any CPU
	EndGlobalSection
	GlobalSection(SolutionProperties) = preSolution
		HideSolutionNode = FALSE
	EndGlobalSection
	GlobalSection(ExtensibilityGlobals) = postSolution
		SolutionGuid = {BF8523FF-925E-460C-8A34-85461FEC340C}
	EndGlobalSection
EndGlobal
