
Microsoft Visual Studio Solution File, Format Version 12.00
# Visual Studio Version 17
VisualStudioVersion = 17.9.34607.119
MinimumVisualStudioVersion = 10.0.40219.1
Project("{FAE04EC0-301F-11D3-BF4B-00C04F79EFBC}") = "Ds3", "Ds3\Ds3.csproj", "{407B9CA7-D39D-4BF9-86DE-69228F25B8DB}"
EndProject
Global
	GlobalSection(SolutionConfigurationPlatforms) = preSolution
		Debug|Any CPU = Debug|Any CPU
		Release|Any CPU = Release|Any CPU
	EndGlobalSection
	GlobalSection(ProjectConfigurationPlatforms) = postSolution
		{407B9CA7-D39D-4BF9-86DE-69228F25B8DB}.Debug|Any CPU.ActiveCfg = Debug|Any CPU
		{407B9CA7-D39D-4BF9-86DE-69228F25B8DB}.Debug|Any CPU.Build.0 = Debug|Any CPU
		{407B9CA7-D39D-4BF9-86DE-69228F25B8DB}.Release|Any CPU.ActiveCfg = Release|Any CPU
		{407B9CA7-D39D-4BF9-86DE-69228F25B8DB}.Release|Any CPU.Build.0 = Release|Any CPU
	EndGlobalSection
	GlobalSection(SolutionProperties) = preSolution
		HideSolutionNode = FALSE
	EndGlobalSection
	GlobalSection(ExtensibilityGlobals) = postSolution
		SolutionGuid = {18540876-5956-4010-9BDE-158D999E35B2}
	EndGlobalSection
EndGlobal
