
Microsoft Visual Studio Solution File, Format Version 12.00
# Visual Studio Version 17
VisualStudioVersion = 17.9.34607.119
MinimumVisualStudioVersion = 10.0.40219.1
Project("{FAE04EC0-301F-11D3-BF4B-00C04F79EFBC}") = "yu1", "yu1\yu1.csproj", "{FE046901-2EAB-4E8C-BAE6-946E894771D5}"
EndProject
Global
	GlobalSection(SolutionConfigurationPlatforms) = preSolution
		Debug|Any CPU = Debug|Any CPU
		Release|Any CPU = Release|Any CPU
	EndGlobalSection
	GlobalSection(ProjectConfigurationPlatforms) = postSolution
		{FE046901-2EAB-4E8C-BAE6-946E894771D5}.Debug|Any CPU.ActiveCfg = Debug|Any CPU
		{FE046901-2EAB-4E8C-BAE6-946E894771D5}.Debug|Any CPU.Build.0 = Debug|Any CPU
		{FE046901-2EAB-4E8C-BAE6-946E894771D5}.Release|Any CPU.ActiveCfg = Release|Any CPU
		{FE046901-2EAB-4E8C-BAE6-946E894771D5}.Release|Any CPU.Build.0 = Release|Any CPU
	EndGlobalSection
	GlobalSection(SolutionProperties) = preSolution
		HideSolutionNode = FALSE
	EndGlobalSection
	GlobalSection(ExtensibilityGlobals) = postSolution
		SolutionGuid = {4581073F-9896-4FB8-A4DE-B9AA5581DE26}
	EndGlobalSection
EndGlobal
