
Microsoft Visual Studio Solution File, Format Version 12.00
# Visual Studio Version 17
VisualStudioVersion = 17.9.34607.119
MinimumVisualStudioVersion = 10.0.40219.1
Project("{FAE04EC0-301F-11D3-BF4B-00C04F79EFBC}") = "EF4", "EF4\EF4.csproj", "{A177BB6A-9C6C-4D8E-BDB9-33F0781D47BC}"
EndProject
Global
	GlobalSection(SolutionConfigurationPlatforms) = preSolution
		Debug|Any CPU = Debug|Any CPU
		Release|Any CPU = Release|Any CPU
	EndGlobalSection
	GlobalSection(ProjectConfigurationPlatforms) = postSolution
		{A177BB6A-9C6C-4D8E-BDB9-33F0781D47BC}.Debug|Any CPU.ActiveCfg = Debug|Any CPU
		{A177BB6A-9C6C-4D8E-BDB9-33F0781D47BC}.Debug|Any CPU.Build.0 = Debug|Any CPU
		{A177BB6A-9C6C-4D8E-BDB9-33F0781D47BC}.Release|Any CPU.ActiveCfg = Release|Any CPU
		{A177BB6A-9C6C-4D8E-BDB9-33F0781D47BC}.Release|Any CPU.Build.0 = Release|Any CPU
	EndGlobalSection
	GlobalSection(SolutionProperties) = preSolution
		HideSolutionNode = FALSE
	EndGlobalSection
	GlobalSection(ExtensibilityGlobals) = postSolution
		SolutionGuid = {7677EAF3-55FB-477F-A7A5-2A7B80120575}
	EndGlobalSection
EndGlobal
